{
  "name": "snipkode",
  "version": "1.0.0",
  "lockfileVersion": 1,
  "requires": true,
  "dependencies": {
    "@snipkode/framework": {
      "version": "0.0.82",
      "resolved": "https://registry.npmjs.org/@snipkode/framework/-/framework-0.0.82.tgz",
      "integrity": "sha512-hFDMqOT7gS1yvCVxVcMrJPSzEW24uSUQuvfHDXbsbqCmBBqC+INYVUKahn2X4gZrNrUbBOq0PZ3i338wRMhCag=="
    }
  }
}
